// !$*UTF8*$!
{
	archiveVersion = 1;
	classes = {
	};
	objectVersion = 46;
	objects = {

/* Begin PBXBuildFile section */
		112C40751B09B8C20099A7E4 /* density.cpp in Sources */ = {isa = PBXBuildFile; fileRef = 112C40681B09B8C20099A7E4 /* density.cpp */; };
		112C40761B09B8C20099A7E4 /* glsl_program.cpp in Sources */ = {isa = PBXBuildFile; fileRef = 112C406A1B09B8C20099A7E4 /* glsl_program.cpp */; };
		112C40771B09B8C20099A7E4 /* main.cpp in Sources */ = {isa = PBXBuildFile; fileRef = 112C406C1B09B8C20099A7E4 /* main.cpp */; };
		112C40781B09B8C20099A7E4 /* mesh.cpp in Sources */ = {isa = PBXBuildFile; fileRef = 112C406D1B09B8C20099A7E4 /* mesh.cpp */; };
		112C40791B09B8C20099A7E4 /* octree.cpp in Sources */ = {isa = PBXBuildFile; fileRef = 112C406F1B09B8C20099A7E4 /* octree.cpp */; };
		112C407A1B09B8C20099A7E4 /* qef.cpp in Sources */ = {isa = PBXBuildFile; fileRef = 112C40711B09B8C20099A7E4 /* qef.cpp */; };
		112C407B1B09B8C20099A7E4 /* svd.cpp in Sources */ = {isa = PBXBuildFile; fileRef = 112C40731B09B8C20099A7E4 /* svd.cpp */; };
		112C407D1B09BC1D0099A7E4 /* libSDL2.a in Frameworks */ = {isa = PBXBuildFile; fileRef = 112C407C1B09BC1D0099A7E4 /* libSDL2.a */; };
		112C407F1B09BC370099A7E4 /* libGLEW.a in Frameworks */ = {isa = PBXBuildFile; fileRef = 112C407E1B09BC370099A7E4 /* libGLEW.a */; };
		112C40811B09BC6E0099A7E4 /* OpenGL.framework in Frameworks */ = {isa = PBXBuildFile; fileRef = 112C40801B09BC6E0099A7E4 /* OpenGL.framework */; };
/* End PBXBuildFile section */

/* Begin PBXCopyFilesBuildPhase section */
		112C405C1B09B86E0099A7E4 /* CopyFiles */ = {
			isa = PBXCopyFilesBuildPhase;
			buildActionMask = 2147483647;
			dstPath = /usr/share/man/man1/;
			dstSubfolderSpec = 0;
			files = (
			);
			runOnlyForDeploymentPostprocessing = 1;
		};
/* End PBXCopyFilesBuildPhase section */

/* Begin PBXFileReference section */
		112C405E1B09B86E0099A7E4 /* DualContouringSample */ = {isa = PBXFileReference; explicitFileType = "compiled.mach-o.executable"; includeInIndex = 0; path = DualContouringSample; sourceTree = BUILT_PRODUCTS_DIR; };
		112C40681B09B8C20099A7E4 /* density.cpp */ = {isa = PBXFileReference; fileEncoding = 4; lastKnownFileType = sourcecode.cpp.cpp; path = density.cpp; sourceTree = "<group>"; };
		112C40691B09B8C20099A7E4 /* density.h */ = {isa = PBXFileReference; fileEncoding = 4; lastKnownFileType = sourcecode.c.h; path = density.h; sourceTree = "<group>"; };
		112C406A1B09B8C20099A7E4 /* glsl_program.cpp */ = {isa = PBXFileReference; fileEncoding = 4; lastKnownFileType = sourcecode.cpp.cpp; path = glsl_program.cpp; sourceTree = "<group>"; };
		112C406B1B09B8C20099A7E4 /* glsl_program.h */ = {isa = PBXFileReference; fileEncoding = 4; lastKnownFileType = sourcecode.c.h; path = glsl_program.h; sourceTree = "<group>"; };
		112C406C1B09B8C20099A7E4 /* main.cpp */ = {isa = PBXFileReference; fileEncoding = 4; lastKnownFileType = sourcecode.cpp.cpp; path = main.cpp; sourceTree = "<group>"; };
		112C406D1B09B8C20099A7E4 /* mesh.cpp */ = {isa = PBXFileReference; fileEncoding = 4; lastKnownFileType = sourcecode.cpp.cpp; path = mesh.cpp; sourceTree = "<group>"; };
		112C406E1B09B8C20099A7E4 /* mesh.h */ = {isa = PBXFileReference; fileEncoding = 4; lastKnownFileType = sourcecode.c.h; path = mesh.h; sourceTree = "<group>"; };
		112C406F1B09B8C20099A7E4 /* octree.cpp */ = {isa = PBXFileReference; fileEncoding = 4; lastKnownFileType = sourcecode.cpp.cpp; path = octree.cpp; sourceTree = "<group>"; };
		112C40701B09B8C20099A7E4 /* octree.h */ = {isa = PBXFileReference; fileEncoding = 4; lastKnownFileType = sourcecode.c.h; path = octree.h; sourceTree = "<group>"; };
		112C40711B09B8C20099A7E4 /* qef.cpp */ = {isa = PBXFileReference; fileEncoding = 4; lastKnownFileType = sourcecode.cpp.cpp; path = qef.cpp; sourceTree = "<group>"; };
		112C40721B09B8C20099A7E4 /* qef.h */ = {isa = PBXFileReference; fileEncoding = 4; lastKnownFileType = sourcecode.c.h; path = qef.h; sourceTree = "<group>"; };
		112C40731B09B8C20099A7E4 /* svd.cpp */ = {isa = PBXFileReference; fileEncoding = 4; lastKnownFileType = sourcecode.cpp.cpp; path = svd.cpp; sourceTree = "<group>"; };
		112C40741B09B8C20099A7E4 /* svd.h */ = {isa = PBXFileReference; fileEncoding = 4; lastKnownFileType = sourcecode.c.h; path = svd.h; sourceTree = "<group>"; };
		112C407C1B09BC1D0099A7E4 /* libSDL2.a */ = {isa = PBXFileReference; lastKnownFileType = archive.ar; name = libSDL2.a; path = ../../../../../../usr/local/Cellar/sdl2/2.0.3/lib/libSDL2.a; sourceTree = "<group>"; };
		112C407E1B09BC370099A7E4 /* libGLEW.a */ = {isa = PBXFileReference; lastKnownFileType = archive.ar; name = libGLEW.a; path = ../../../../../../usr/local/Cellar/glew/1.11.0/lib/libGLEW.a; sourceTree = "<group>"; };
		112C40801B09BC6E0099A7E4 /* OpenGL.framework */ = {isa = PBXFileReference; lastKnownFileType = wrapper.framework; name = OpenGL.framework; path = System/Library/Frameworks/OpenGL.framework; sourceTree = SDKROOT; };
/* End PBXFileReference section */

/* Begin PBXFrameworksBuildPhase section */
		112C405B1B09B86E0099A7E4 /* Frameworks */ = {
			isa = PBXFrameworksBuildPhase;
			buildActionMask = 2147483647;
			files = (
				112C40811B09BC6E0099A7E4 /* OpenGL.framework in Frameworks */,
				112C407F1B09BC370099A7E4 /* libGLEW.a in Frameworks */,
				112C407D1B09BC1D0099A7E4 /* libSDL2.a in Frameworks */,
			);
			runOnlyForDeploymentPostprocessing = 0;
		};
/* End PBXFrameworksBuildPhase section */

/* Begin PBXGroup section */
		112C40551B09B86E0099A7E4 = {
			isa = PBXGroup;
			children = (
				112C40801B09BC6E0099A7E4 /* OpenGL.framework */,
				112C407E1B09BC370099A7E4 /* libGLEW.a */,
				112C407C1B09BC1D0099A7E4 /* libSDL2.a */,
				112C40601B09B86E0099A7E4 /* Source */,
				112C405F1B09B86E0099A7E4 /* Products */,
			);
			sourceTree = "<group>";
		};
		112C405F1B09B86E0099A7E4 /* Products */ = {
			isa = PBXGroup;
			children = (
				112C405E1B09B86E0099A7E4 /* DualContouringSample */,
			);
			name = Products;
			sourceTree = "<group>";
		};
		112C40601B09B86E0099A7E4 /* Source */ = {
			isa = PBXGroup;
			children = (
				112C40681B09B8C20099A7E4 /* density.cpp */,
				112C40691B09B8C20099A7E4 /* density.h */,
				112C406A1B09B8C20099A7E4 /* glsl_program.cpp */,
				112C406B1B09B8C20099A7E4 /* glsl_program.h */,
				112C406C1B09B8C20099A7E4 /* main.cpp */,
				112C406D1B09B8C20099A7E4 /* mesh.cpp */,
				112C406E1B09B8C20099A7E4 /* mesh.h */,
				112C406F1B09B8C20099A7E4 /* octree.cpp */,
				112C40701B09B8C20099A7E4 /* octree.h */,
				112C40711B09B8C20099A7E4 /* qef.cpp */,
				112C40721B09B8C20099A7E4 /* qef.h */,
				112C40731B09B8C20099A7E4 /* svd.cpp */,
				112C40741B09B8C20099A7E4 /* svd.h */,
			);
			name = Source;
			path = DualContouringSample;
			sourceTree = "<group>";
		};
/* End PBXGroup section */

/* Begin PBXNativeTarget section */
		112C405D1B09B86E0099A7E4 /* DualContouringSample */ = {
			isa = PBXNativeTarget;
			buildConfigurationList = 112C40651B09B86E0099A7E4 /* Build configuration list for PBXNativeTarget "DualContouringSample" */;
			buildPhases = (
				112C405A1B09B86E0099A7E4 /* Sources */,
				112C405B1B09B86E0099A7E4 /* Frameworks */,
				112C405C1B09B86E0099A7E4 /* CopyFiles */,
			);
			buildRules = (
			);
			dependencies = (
			);
			name = DualContouringSample;
			productName = DualContouringSample;
			productReference = 112C405E1B09B86E0099A7E4 /* DualContouringSample */;
			productType = "com.apple.product-type.tool";
		};
/* End PBXNativeTarget section */

/* Begin PBXProject section */
		112C40561B09B86E0099A7E4 /* Project object */ = {
			isa = PBXProject;
			attributes = {
				LastUpgradeCheck = 0630;
				ORGANIZATIONNAME = rte;
				TargetAttributes = {
					112C405D1B09B86E0099A7E4 = {
						CreatedOnToolsVersion = 6.3;
					};
				};
			};
			buildConfigurationList = 112C40591B09B86E0099A7E4 /* Build configuration list for PBXProject "DualContouringSample" */;
			compatibilityVersion = "Xcode 3.2";
			developmentRegion = English;
			hasScannedForEncodings = 0;
			knownRegions = (
				en,
			);
			mainGroup = 112C40551B09B86E0099A7E4;
			productRefGroup = 112C405F1B09B86E0099A7E4 /* Products */;
			projectDirPath = "";
			projectRoot = "";
			targets = (
				112C405D1B09B86E0099A7E4 /* DualContouringSample */,
			);
		};
/* End PBXProject section */

/* Begin PBXSourcesBuildPhase section */
		112C405A1B09B86E0099A7E4 /* Sources */ = {
			isa = PBXSourcesBuildPhase;
			buildActionMask = 2147483647;
			files = (
				112C407A1B09B8C20099A7E4 /* qef.cpp in Sources */,
				112C40761B09B8C20099A7E4 /* glsl_program.cpp in Sources */,
				112C40751B09B8C20099A7E4 /* density.cpp in Sources */,
				112C40791B09B8C20099A7E4 /* octree.cpp in Sources */,
				112C40781B09B8C20099A7E4 /* mesh.cpp in Sources */,
				112C407B1B09B8C20099A7E4 /* svd.cpp in Sources */,
				112C40771B09B8C20099A7E4 /* main.cpp in Sources */,
			);
			runOnlyForDeploymentPostprocessing = 0;
		};
/* End PBXSourcesBuildPhase section */

/* Begin XCBuildConfiguration section */
		112C40631B09B86E0099A7E4 /* Debug */ = {
			isa = XCBuildConfiguration;
			buildSettings = {
				ALWAYS_SEARCH_USER_PATHS = NO;
				CLANG_CXX_LANGUAGE_STANDARD = "c++14";
				CLANG_CXX_LIBRARY = "libc++";
				CLANG_ENABLE_MODULES = YES;
				CLANG_ENABLE_OBJC_ARC = YES;
				CLANG_WARN_BOOL_CONVERSION = YES;
				CLANG_WARN_CONSTANT_CONVERSION = YES;
				CLANG_WARN_DIRECT_OBJC_ISA_USAGE = YES_ERROR;
				CLANG_WARN_EMPTY_BODY = YES;
				CLANG_WARN_ENUM_CONVERSION = YES;
				CLANG_WARN_INT_CONVERSION = YES;
				CLANG_WARN_OBJC_ROOT_CLASS = YES_ERROR;
				CLANG_WARN_UNREACHABLE_CODE = YES;
				CLANG_WARN__DUPLICATE_METHOD_MATCH = YES;
				COPY_PHASE_STRIP = NO;
				DEBUG_INFORMATION_FORMAT = dwarf;
				ENABLE_STRICT_OBJC_MSGSEND = YES;
				GCC_C_LANGUAGE_STANDARD = gnu99;
				GCC_DYNAMIC_NO_PIC = NO;
				GCC_NO_COMMON_BLOCKS = YES;
				GCC_OPTIMIZATION_LEVEL = 0;
				GCC_PREPROCESSOR_DEFINITIONS = (
					"DEBUG=1",
					"$(inherited)",
				);
				GCC_SYMBOLS_PRIVATE_EXTERN = NO;
				GCC_WARN_64_TO_32_BIT_CONVERSION = YES;
				GCC_WARN_ABOUT_RETURN_TYPE = YES_ERROR;
				GCC_WARN_UNDECLARED_SELECTOR = YES;
				GCC_WARN_UNINITIALIZED_AUTOS = YES_AGGRESSIVE;
				GCC_WARN_UNUSED_FUNCTION = YES;
				GCC_WARN_UNUSED_VARIABLE = YES;
				HEADER_SEARCH_PATHS = (
					"$(inherited)",
					/Applications/Xcode.app/Contents/Developer/Toolchains/XcodeDefault.xctoolchain/usr/include,
					"/Users/r/code/cpp/glm/glm-git",
					/usr/local/include,
					/usr/local/include/SDL2,
				);
				MACOSX_DEPLOYMENT_TARGET = 10.10;
				MTL_ENABLE_DEBUG_INFO = YES;
				ONLY_ACTIVE_ARCH = YES;
				SDKROOT = macosx;
			};
			name = Debug;
		};
		112C40641B09B86E0099A7E4 /* Release */ = {
			isa = XCBuildConfiguration;
			buildSettings = {
				ALWAYS_SEARCH_USER_PATHS = NO;
				CLANG_CXX_LANGUAGE_STANDARD = "c++14";
				CLANG_CXX_LIBRARY = "libc++";
				CLANG_ENABLE_MODULES = YES;
				CLANG_ENABLE_OBJC_ARC = YES;
				CLANG_WARN_BOOL_CONVERSION = YES;
				CLANG_WARN_CONSTANT_CONVERSION = YES;
				CLANG_WARN_DIRECT_OBJC_ISA_USAGE = YES_ERROR;
				CLANG_WARN_EMPTY_BODY = YES;
				CLANG_WARN_ENUM_CONVERSION = YES;
				CLANG_WARN_INT_CONVERSION = YES;
				CLANG_WARN_OBJC_ROOT_CLASS = YES_ERROR;
				CLANG_WARN_UNREACHABLE_CODE = YES;
				CLANG_WARN__DUPLICATE_METHOD_MATCH = YES;
				COPY_PHASE_STRIP = NO;
				DEBUG_INFORMATION_FORMAT = "dwarf-with-dsym";
				ENABLE_NS_ASSERTIONS = NO;
				ENABLE_STRICT_OBJC_MSGSEND = YES;
				GCC_C_LANGUAGE_STANDARD = gnu99;
				GCC_NO_COMMON_BLOCKS = YES;
				GCC_WARN_64_TO_32_BIT_CONVERSION = YES;
				GCC_WARN_ABOUT_RETURN_TYPE = YES_ERROR;
				GCC_WARN_UNDECLARED_SELECTOR = YES;
				GCC_WARN_UNINITIALIZED_AUTOS = YES_AGGRESSIVE;
				GCC_WARN_UNUSED_FUNCTION = YES;
				GCC_WARN_UNUSED_VARIABLE = YES;
				HEADER_SEARCH_PATHS = (
					"$(inherited)",
					/Applications/Xcode.app/Contents/Developer/Toolchains/XcodeDefault.xctoolchain/usr/include,
					"/Users/r/code/cpp/glm/glm-git",
					/usr/local/include,
					/usr/local/include/SDL2,
				);
				MACOSX_DEPLOYMENT_TARGET = 10.10;
				MTL_ENABLE_DEBUG_INFO = NO;
				SDKROOT = macosx;
			};
			name = Release;
		};
		112C40661B09B86E0099A7E4 /* Debug */ = {
			isa = XCBuildConfiguration;
			buildSettings = {
				LIBRARY_SEARCH_PATHS = (
					"$(inherited)",
					/usr/local/Cellar/sdl2/2.0.3/lib,
					/usr/local/Cellar/glew/1.11.0/lib,
				);
				PRODUCT_NAME = "$(TARGET_NAME)";
			};
			name = Debug;
		};
		112C40671B09B86E0099A7E4 /* Release */ = {
			isa = XCBuildConfiguration;
			buildSettings = {
				LIBRARY_SEARCH_PATHS = (
					"$(inherited)",
					/usr/local/Cellar/sdl2/2.0.3/lib,
					/usr/local/Cellar/glew/1.11.0/lib,
				);
				PRODUCT_NAME = "$(TARGET_NAME)";
			};
			name = Release;
		};
/* End XCBuildConfiguration section */

/* Begin XCConfigurationList section */
		112C40591B09B86E0099A7E4 /* Build configuration list for PBXProject "DualContouringSample" */ = {
			isa = XCConfigurationList;
			buildConfigurations = (
				112C40631B09B86E0099A7E4 /* Debug */,
				112C40641B09B86E0099A7E4 /* Release */,
			);
			defaultConfigurationIsVisible = 0;
			defaultConfigurationName = Release;
		};
		112C40651B09B86E0099A7E4 /* Build configuration list for PBXNativeTarget "DualContouringSample" */ = {
			isa = XCConfigurationList;
			buildConfigurations = (
				112C40661B09B86E0099A7E4 /* Debug */,
				112C40671B09B86E0099A7E4 /* Release */,
			);
			defaultConfigurationIsVisible = 0;
			defaultConfigurationName = Release;
		};
/* End XCConfigurationList section */
	};
	rootObject = 112C40561B09B86E0099A7E4 /* Project object */;
}
